
Microsoft Visual Studio Solution File, Format Version 12.00
# Visual Studio Version 17
VisualStudioVersion = 17.1.32210.238
MinimumVisualStudioVersion = 10.0.40219.1
Project("{FAE04EC0-301F-11D3-BF4B-00C04F79EFBC}") = "TesteDeLogica-Toodoo", "TesteDeLogica-Toodoo.csproj", "{F13EA202-9A1B-41D0-BA4F-87013F3DA874}"
EndProject
Project("{2150E333-8FDC-42A3-9474-1A3956D46DE8}") = "Solution Items", "Solution Items", "{3F1BD927-D2DC-444E-A62C-85770B056722}"
EndProject
Global
	GlobalSection(SolutionConfigurationPlatforms) = preSolution
		Debug|Any CPU = Debug|Any CPU
		Release|Any CPU = Release|Any CPU
	EndGlobalSection
	GlobalSection(ProjectConfigurationPlatforms) = postSolution
		{F13EA202-9A1B-41D0-BA4F-87013F3DA874}.Debug|Any CPU.ActiveCfg = Debug|Any CPU
		{F13EA202-9A1B-41D0-BA4F-87013F3DA874}.Debug|Any CPU.Build.0 = Debug|Any CPU
		{F13EA202-9A1B-41D0-BA4F-87013F3DA874}.Release|Any CPU.ActiveCfg = Release|Any CPU
		{F13EA202-9A1B-41D0-BA4F-87013F3DA874}.Release|Any CPU.Build.0 = Release|Any CPU
	EndGlobalSection
	GlobalSection(SolutionProperties) = preSolution
		HideSolutionNode = FALSE
	EndGlobalSection
	GlobalSection(ExtensibilityGlobals) = postSolution
		SolutionGuid = {E2A78996-CF40-4D08-9EDC-09B9B738B46C}
	EndGlobalSection
EndGlobal
